
Microsoft Visual Studio Solution File, Format Version 12.00
# Visual Studio Version 17
VisualStudioVersion = 17.6.33723.286
MinimumVisualStudioVersion = 10.0.40219.1
Project("{9A19103F-16F7-4668-BE54-9A1E7A4F7556}") = "net7api", "net7api.csproj", "{890B542D-672D-4C33-8FA0-76232B34E577}"
EndProject
Global
	GlobalSection(SolutionConfigurationPlatforms) = preSolution
		Debug|Any CPU = Debug|Any CPU
		Release|Any CPU = Release|Any CPU
	EndGlobalSection
	GlobalSection(ProjectConfigurationPlatforms) = postSolution
		{890B542D-672D-4C33-8FA0-76232B34E577}.Debug|Any CPU.ActiveCfg = Debug|Any CPU
		{890B542D-672D-4C33-8FA0-76232B34E577}.Debug|Any CPU.Build.0 = Debug|Any CPU
		{890B542D-672D-4C33-8FA0-76232B34E577}.Release|Any CPU.ActiveCfg = Release|Any CPU
		{890B542D-672D-4C33-8FA0-76232B34E577}.Release|Any CPU.Build.0 = Release|Any CPU
	EndGlobalSection
	GlobalSection(SolutionProperties) = preSolution
		HideSolutionNode = FALSE
	EndGlobalSection
	GlobalSection(ExtensibilityGlobals) = postSolution
		SolutionGuid = {53F0579C-1B12-4193-9580-8BC4C5BF8969}
	EndGlobalSection
EndGlobal
